
Microsoft Visual Studio Solution File, Format Version 12.00
# Visual Studio Version 17
VisualStudioVersion = 17.13.35919.96 d17.13
MinimumVisualStudioVersion = 10.0.40219.1
Project("{8BC9CEB8-8B4A-11D0-8D11-00A0C91BC942}") = "0407 실습문제", "0407 실습문제\0407 실습문제.vcxproj", "{4FAAA9D7-7E0D-4E7D-98E2-77B6C1CAA6F9}"
EndProject
Global
	GlobalSection(SolutionConfigurationPlatforms) = preSolution
		Debug|x64 = Debug|x64
		Debug|x86 = Debug|x86
		Release|x64 = Release|x64
		Release|x86 = Release|x86
	EndGlobalSection
	GlobalSection(ProjectConfigurationPlatforms) = postSolution
		{4FAAA9D7-7E0D-4E7D-98E2-77B6C1CAA6F9}.Debug|x64.ActiveCfg = Debug|x64
		{4FAAA9D7-7E0D-4E7D-98E2-77B6C1CAA6F9}.Debug|x64.Build.0 = Debug|x64
		{4FAAA9D7-7E0D-4E7D-98E2-77B6C1CAA6F9}.Debug|x86.ActiveCfg = Debug|Win32
		{4FAAA9D7-7E0D-4E7D-98E2-77B6C1CAA6F9}.Debug|x86.Build.0 = Debug|Win32
		{4FAAA9D7-7E0D-4E7D-98E2-77B6C1CAA6F9}.Release|x64.ActiveCfg = Release|x64
		{4FAAA9D7-7E0D-4E7D-98E2-77B6C1CAA6F9}.Release|x64.Build.0 = Release|x64
		{4FAAA9D7-7E0D-4E7D-98E2-77B6C1CAA6F9}.Release|x86.ActiveCfg = Release|Win32
		{4FAAA9D7-7E0D-4E7D-98E2-77B6C1CAA6F9}.Release|x86.Build.0 = Release|Win32
	EndGlobalSection
	GlobalSection(SolutionProperties) = preSolution
		HideSolutionNode = FALSE
	EndGlobalSection
	GlobalSection(ExtensibilityGlobals) = postSolution
		SolutionGuid = {AB1426C7-7737-4695-891A-A8E310D20152}
	EndGlobalSection
EndGlobal
